
Microsoft Visual Studio Solution File, Format Version 12.00
# Visual Studio Version 16
VisualStudioVersion = 16.0.31129.286
MinimumVisualStudioVersion = 10.0.40219.1
Project("{888888A0-9F3D-457C-B088-3A5042F75D52}") = "marks prediction", "marks prediction.pyproj", "{30B7AF14-2815-46F8-B836-65D2BE683391}"
EndProject
Global
	GlobalSection(SolutionConfigurationPlatforms) = preSolution
		Debug|Any CPU = Debug|Any CPU
		Release|Any CPU = Release|Any CPU
	EndGlobalSection
	GlobalSection(ProjectConfigurationPlatforms) = postSolution
		{30B7AF14-2815-46F8-B836-65D2BE683391}.Debug|Any CPU.ActiveCfg = Debug|Any CPU
		{30B7AF14-2815-46F8-B836-65D2BE683391}.Debug|Any CPU.Build.0 = Debug|Any CPU
		{30B7AF14-2815-46F8-B836-65D2BE683391}.Release|Any CPU.ActiveCfg = Release|Any CPU
		{30B7AF14-2815-46F8-B836-65D2BE683391}.Release|Any CPU.Build.0 = Release|Any CPU
	EndGlobalSection
	GlobalSection(SolutionProperties) = preSolution
		HideSolutionNode = FALSE
	EndGlobalSection
	GlobalSection(ExtensibilityGlobals) = postSolution
		SolutionGuid = {9CB38C19-CE5D-4665-984C-22906638B158}
	EndGlobalSection
EndGlobal
